
Microsoft Visual Studio Solution File, Format Version 12.00
# Visual Studio 14
VisualStudioVersion = 14.0.23107.0
MinimumVisualStudioVersion = 10.0.40219.1
Project("{FAE04EC0-301F-11D3-BF4B-00C04F79EFBC}") = "DemoIntroduce", "DemoIntroduce\DemoIntroduce.csproj", "{6E5C3343-7632-471E-8A93-C0847F6CE37D}"
EndProject
Project("{2150E333-8FDC-42A3-9474-1A3956D46DE8}") = "NewFolder1", "NewFolder1", "{136C7D12-B6E5-495B-8488-8FCD95966C74}"
EndProject
Project("{FAE04EC0-301F-11D3-BF4B-00C04F79EFBC}") = "后台CMD回调执行", "后台CMD回调执行\后台CMD回调执行.csproj", "{68E25F64-EE8F-4F70-97E7-0DD31B95E240}"
EndProject
Project("{FAE04EC0-301F-11D3-BF4B-00C04F79EFBC}") = "CPU性能检测", "CPU性能检测\CPU性能检测.csproj", "{45A2EEB3-5927-4291-B367-7EF5EC544B47}"
EndProject
Project("{FAE04EC0-301F-11D3-BF4B-00C04F79EFBC}") = "标准范式工具类", "标准范式工具类\标准范式工具类.csproj", "{94C07736-EC0F-4807-99F2-4BE69A13634D}"
EndProject
Project("{FAE04EC0-301F-11D3-BF4B-00C04F79EFBC}") = "WebPDemo", "WebPDemo\WebPDemo.csproj", "{AD59DB61-B033-4C31-85C4-E51994F06D4D}"
EndProject
Project("{FAE04EC0-301F-11D3-BF4B-00C04F79EFBC}") = "SQLUserCreate", "SQLUserCreate\SQLUserCreate.csproj", "{5D6DF0B7-AA54-45EF-8E40-4249DB1D44B9}"
EndProject
Project("{FAE04EC0-301F-11D3-BF4B-00C04F79EFBC}") = "WinApi重启代码测试", "WinApi重启代码测试\WinApi重启代码测试.csproj", "{5D927B98-5FB5-442A-AD51-C019D0C5BDAB}"
EndProject
Project("{FAE04EC0-301F-11D3-BF4B-00C04F79EFBC}") = "WinApi重启代码测试界面", "WinApi重启代码测试界面\WinApi重启代码测试界面.csproj", "{6042716E-1174-4172-A8C3-5B9BA578EB35}"
EndProject
Project("{FAE04EC0-301F-11D3-BF4B-00C04F79EFBC}") = "死锁研究", "死锁研究\死锁研究.csproj", "{8B4A96FB-CAF2-47C6-B437-4873FA4C709A}"
EndProject
Project("{FAE04EC0-301F-11D3-BF4B-00C04F79EFBC}") = "yield作用", "yield作用\yield作用.csproj", "{EC0DB5B4-F1A5-4F6B-8A3E-2BBC0EFEA546}"
EndProject
Project("{FAE04EC0-301F-11D3-BF4B-00C04F79EFBC}") = "NettySocket", "NettySocket\NettySocket.csproj", "{D210972C-F376-4A67-BF9F-5222CE727B2F}"
EndProject
Project("{FAE04EC0-301F-11D3-BF4B-00C04F79EFBC}") = "NettyService", "NettyService\NettyService.csproj", "{3B956CE5-DA67-478E-80C1-DC0CF0104782}"
EndProject
Project("{FAE04EC0-301F-11D3-BF4B-00C04F79EFBC}") = "NettyTest", "NettyTest\NettyTest.csproj", "{088DDF3A-D602-4CCA-BDAF-BE512980B710}"
EndProject
Project("{FAE04EC0-301F-11D3-BF4B-00C04F79EFBC}") = "Dapper框架使用Demo", "Dapper框架使用Demo\Dapper框架使用Demo.csproj", "{F981E962-34B0-465A-AFAA-FA993043BAD8}"
EndProject
Global
	GlobalSection(SolutionConfigurationPlatforms) = preSolution
		Debug|Any CPU = Debug|Any CPU
		Debug|x86 = Debug|x86
		Release|Any CPU = Release|Any CPU
		Release|x86 = Release|x86
	EndGlobalSection
	GlobalSection(ProjectConfigurationPlatforms) = postSolution
		{6E5C3343-7632-471E-8A93-C0847F6CE37D}.Debug|Any CPU.ActiveCfg = Debug|Any CPU
		{6E5C3343-7632-471E-8A93-C0847F6CE37D}.Debug|Any CPU.Build.0 = Debug|Any CPU
		{6E5C3343-7632-471E-8A93-C0847F6CE37D}.Debug|x86.ActiveCfg = Debug|Any CPU
		{6E5C3343-7632-471E-8A93-C0847F6CE37D}.Debug|x86.Build.0 = Debug|Any CPU
		{6E5C3343-7632-471E-8A93-C0847F6CE37D}.Release|Any CPU.ActiveCfg = Release|Any CPU
		{6E5C3343-7632-471E-8A93-C0847F6CE37D}.Release|Any CPU.Build.0 = Release|Any CPU
		{6E5C3343-7632-471E-8A93-C0847F6CE37D}.Release|x86.ActiveCfg = Release|Any CPU
		{6E5C3343-7632-471E-8A93-C0847F6CE37D}.Release|x86.Build.0 = Release|Any CPU
		{68E25F64-EE8F-4F70-97E7-0DD31B95E240}.Debug|Any CPU.ActiveCfg = Debug|Any CPU
		{68E25F64-EE8F-4F70-97E7-0DD31B95E240}.Debug|Any CPU.Build.0 = Debug|Any CPU
		{68E25F64-EE8F-4F70-97E7-0DD31B95E240}.Debug|x86.ActiveCfg = Debug|Any CPU
		{68E25F64-EE8F-4F70-97E7-0DD31B95E240}.Debug|x86.Build.0 = Debug|Any CPU
		{68E25F64-EE8F-4F70-97E7-0DD31B95E240}.Release|Any CPU.ActiveCfg = Release|Any CPU
		{68E25F64-EE8F-4F70-97E7-0DD31B95E240}.Release|Any CPU.Build.0 = Release|Any CPU
		{68E25F64-EE8F-4F70-97E7-0DD31B95E240}.Release|x86.ActiveCfg = Release|Any CPU
		{68E25F64-EE8F-4F70-97E7-0DD31B95E240}.Release|x86.Build.0 = Release|Any CPU
		{45A2EEB3-5927-4291-B367-7EF5EC544B47}.Debug|Any CPU.ActiveCfg = Debug|Any CPU
		{45A2EEB3-5927-4291-B367-7EF5EC544B47}.Debug|Any CPU.Build.0 = Debug|Any CPU
		{45A2EEB3-5927-4291-B367-7EF5EC544B47}.Debug|x86.ActiveCfg = Debug|Any CPU
		{45A2EEB3-5927-4291-B367-7EF5EC544B47}.Debug|x86.Build.0 = Debug|Any CPU
		{45A2EEB3-5927-4291-B367-7EF5EC544B47}.Release|Any CPU.ActiveCfg = Release|Any CPU
		{45A2EEB3-5927-4291-B367-7EF5EC544B47}.Release|Any CPU.Build.0 = Release|Any CPU
		{45A2EEB3-5927-4291-B367-7EF5EC544B47}.Release|x86.ActiveCfg = Release|Any CPU
		{45A2EEB3-5927-4291-B367-7EF5EC544B47}.Release|x86.Build.0 = Release|Any CPU
		{94C07736-EC0F-4807-99F2-4BE69A13634D}.Debug|Any CPU.ActiveCfg = Debug|Any CPU
		{94C07736-EC0F-4807-99F2-4BE69A13634D}.Debug|Any CPU.Build.0 = Debug|Any CPU
		{94C07736-EC0F-4807-99F2-4BE69A13634D}.Debug|x86.ActiveCfg = Debug|Any CPU
		{94C07736-EC0F-4807-99F2-4BE69A13634D}.Debug|x86.Build.0 = Debug|Any CPU
		{94C07736-EC0F-4807-99F2-4BE69A13634D}.Release|Any CPU.ActiveCfg = Release|Any CPU
		{94C07736-EC0F-4807-99F2-4BE69A13634D}.Release|Any CPU.Build.0 = Release|Any CPU
		{94C07736-EC0F-4807-99F2-4BE69A13634D}.Release|x86.ActiveCfg = Release|Any CPU
		{94C07736-EC0F-4807-99F2-4BE69A13634D}.Release|x86.Build.0 = Release|Any CPU
		{AD59DB61-B033-4C31-85C4-E51994F06D4D}.Debug|Any CPU.ActiveCfg = Debug|Any CPU
		{AD59DB61-B033-4C31-85C4-E51994F06D4D}.Debug|Any CPU.Build.0 = Debug|Any CPU
		{AD59DB61-B033-4C31-85C4-E51994F06D4D}.Debug|x86.ActiveCfg = Debug|Any CPU
		{AD59DB61-B033-4C31-85C4-E51994F06D4D}.Debug|x86.Build.0 = Debug|Any CPU
		{AD59DB61-B033-4C31-85C4-E51994F06D4D}.Release|Any CPU.ActiveCfg = Release|Any CPU
		{AD59DB61-B033-4C31-85C4-E51994F06D4D}.Release|Any CPU.Build.0 = Release|Any CPU
		{AD59DB61-B033-4C31-85C4-E51994F06D4D}.Release|x86.ActiveCfg = Release|Any CPU
		{AD59DB61-B033-4C31-85C4-E51994F06D4D}.Release|x86.Build.0 = Release|Any CPU
		{5D6DF0B7-AA54-45EF-8E40-4249DB1D44B9}.Debug|Any CPU.ActiveCfg = Debug|Any CPU
		{5D6DF0B7-AA54-45EF-8E40-4249DB1D44B9}.Debug|Any CPU.Build.0 = Debug|Any CPU
		{5D6DF0B7-AA54-45EF-8E40-4249DB1D44B9}.Debug|x86.ActiveCfg = Debug|Any CPU
		{5D6DF0B7-AA54-45EF-8E40-4249DB1D44B9}.Debug|x86.Build.0 = Debug|Any CPU
		{5D6DF0B7-AA54-45EF-8E40-4249DB1D44B9}.Release|Any CPU.ActiveCfg = Release|Any CPU
		{5D6DF0B7-AA54-45EF-8E40-4249DB1D44B9}.Release|Any CPU.Build.0 = Release|Any CPU
		{5D6DF0B7-AA54-45EF-8E40-4249DB1D44B9}.Release|x86.ActiveCfg = Release|Any CPU
		{5D6DF0B7-AA54-45EF-8E40-4249DB1D44B9}.Release|x86.Build.0 = Release|Any CPU
		{5D927B98-5FB5-442A-AD51-C019D0C5BDAB}.Debug|Any CPU.ActiveCfg = Debug|Any CPU
		{5D927B98-5FB5-442A-AD51-C019D0C5BDAB}.Debug|Any CPU.Build.0 = Debug|Any CPU
		{5D927B98-5FB5-442A-AD51-C019D0C5BDAB}.Debug|x86.ActiveCfg = Debug|x86
		{5D927B98-5FB5-442A-AD51-C019D0C5BDAB}.Debug|x86.Build.0 = Debug|x86
		{5D927B98-5FB5-442A-AD51-C019D0C5BDAB}.Release|Any CPU.ActiveCfg = Release|Any CPU
		{5D927B98-5FB5-442A-AD51-C019D0C5BDAB}.Release|Any CPU.Build.0 = Release|Any CPU
		{5D927B98-5FB5-442A-AD51-C019D0C5BDAB}.Release|x86.ActiveCfg = Release|x86
		{5D927B98-5FB5-442A-AD51-C019D0C5BDAB}.Release|x86.Build.0 = Release|x86
		{6042716E-1174-4172-A8C3-5B9BA578EB35}.Debug|Any CPU.ActiveCfg = Debug|Any CPU
		{6042716E-1174-4172-A8C3-5B9BA578EB35}.Debug|Any CPU.Build.0 = Debug|Any CPU
		{6042716E-1174-4172-A8C3-5B9BA578EB35}.Debug|x86.ActiveCfg = Debug|Any CPU
		{6042716E-1174-4172-A8C3-5B9BA578EB35}.Debug|x86.Build.0 = Debug|Any CPU
		{6042716E-1174-4172-A8C3-5B9BA578EB35}.Release|Any CPU.ActiveCfg = Release|Any CPU
		{6042716E-1174-4172-A8C3-5B9BA578EB35}.Release|Any CPU.Build.0 = Release|Any CPU
		{6042716E-1174-4172-A8C3-5B9BA578EB35}.Release|x86.ActiveCfg = Release|Any CPU
		{6042716E-1174-4172-A8C3-5B9BA578EB35}.Release|x86.Build.0 = Release|Any CPU
		{8B4A96FB-CAF2-47C6-B437-4873FA4C709A}.Debug|Any CPU.ActiveCfg = Debug|Any CPU
		{8B4A96FB-CAF2-47C6-B437-4873FA4C709A}.Debug|Any CPU.Build.0 = Debug|Any CPU
		{8B4A96FB-CAF2-47C6-B437-4873FA4C709A}.Debug|x86.ActiveCfg = Debug|Any CPU
		{8B4A96FB-CAF2-47C6-B437-4873FA4C709A}.Debug|x86.Build.0 = Debug|Any CPU
		{8B4A96FB-CAF2-47C6-B437-4873FA4C709A}.Release|Any CPU.ActiveCfg = Release|Any CPU
		{8B4A96FB-CAF2-47C6-B437-4873FA4C709A}.Release|Any CPU.Build.0 = Release|Any CPU
		{8B4A96FB-CAF2-47C6-B437-4873FA4C709A}.Release|x86.ActiveCfg = Release|Any CPU
		{8B4A96FB-CAF2-47C6-B437-4873FA4C709A}.Release|x86.Build.0 = Release|Any CPU
		{EC0DB5B4-F1A5-4F6B-8A3E-2BBC0EFEA546}.Debug|Any CPU.ActiveCfg = Debug|Any CPU
		{EC0DB5B4-F1A5-4F6B-8A3E-2BBC0EFEA546}.Debug|Any CPU.Build.0 = Debug|Any CPU
		{EC0DB5B4-F1A5-4F6B-8A3E-2BBC0EFEA546}.Debug|x86.ActiveCfg = Debug|Any CPU
		{EC0DB5B4-F1A5-4F6B-8A3E-2BBC0EFEA546}.Debug|x86.Build.0 = Debug|Any CPU
		{EC0DB5B4-F1A5-4F6B-8A3E-2BBC0EFEA546}.Release|Any CPU.ActiveCfg = Release|Any CPU
		{EC0DB5B4-F1A5-4F6B-8A3E-2BBC0EFEA546}.Release|Any CPU.Build.0 = Release|Any CPU
		{EC0DB5B4-F1A5-4F6B-8A3E-2BBC0EFEA546}.Release|x86.ActiveCfg = Release|Any CPU
		{EC0DB5B4-F1A5-4F6B-8A3E-2BBC0EFEA546}.Release|x86.Build.0 = Release|Any CPU
		{D210972C-F376-4A67-BF9F-5222CE727B2F}.Debug|Any CPU.ActiveCfg = Debug|Any CPU
		{D210972C-F376-4A67-BF9F-5222CE727B2F}.Debug|Any CPU.Build.0 = Debug|Any CPU
		{D210972C-F376-4A67-BF9F-5222CE727B2F}.Debug|x86.ActiveCfg = Debug|Any CPU
		{D210972C-F376-4A67-BF9F-5222CE727B2F}.Debug|x86.Build.0 = Debug|Any CPU
		{D210972C-F376-4A67-BF9F-5222CE727B2F}.Release|Any CPU.ActiveCfg = Release|Any CPU
		{D210972C-F376-4A67-BF9F-5222CE727B2F}.Release|Any CPU.Build.0 = Release|Any CPU
		{D210972C-F376-4A67-BF9F-5222CE727B2F}.Release|x86.ActiveCfg = Release|Any CPU
		{D210972C-F376-4A67-BF9F-5222CE727B2F}.Release|x86.Build.0 = Release|Any CPU
		{3B956CE5-DA67-478E-80C1-DC0CF0104782}.Debug|Any CPU.ActiveCfg = Debug|Any CPU
		{3B956CE5-DA67-478E-80C1-DC0CF0104782}.Debug|Any CPU.Build.0 = Debug|Any CPU
		{3B956CE5-DA67-478E-80C1-DC0CF0104782}.Debug|x86.ActiveCfg = Debug|Any CPU
		{3B956CE5-DA67-478E-80C1-DC0CF0104782}.Debug|x86.Build.0 = Debug|Any CPU
		{3B956CE5-DA67-478E-80C1-DC0CF0104782}.Release|Any CPU.ActiveCfg = Release|Any CPU
		{3B956CE5-DA67-478E-80C1-DC0CF0104782}.Release|Any CPU.Build.0 = Release|Any CPU
		{3B956CE5-DA67-478E-80C1-DC0CF0104782}.Release|x86.ActiveCfg = Release|Any CPU
		{3B956CE5-DA67-478E-80C1-DC0CF0104782}.Release|x86.Build.0 = Release|Any CPU
		{088DDF3A-D602-4CCA-BDAF-BE512980B710}.Debug|Any CPU.ActiveCfg = Debug|Any CPU
		{088DDF3A-D602-4CCA-BDAF-BE512980B710}.Debug|Any CPU.Build.0 = Debug|Any CPU
		{088DDF3A-D602-4CCA-BDAF-BE512980B710}.Debug|x86.ActiveCfg = Debug|Any CPU
		{088DDF3A-D602-4CCA-BDAF-BE512980B710}.Debug|x86.Build.0 = Debug|Any CPU
		{088DDF3A-D602-4CCA-BDAF-BE512980B710}.Release|Any CPU.ActiveCfg = Release|Any CPU
		{088DDF3A-D602-4CCA-BDAF-BE512980B710}.Release|Any CPU.Build.0 = Release|Any CPU
		{088DDF3A-D602-4CCA-BDAF-BE512980B710}.Release|x86.ActiveCfg = Release|Any CPU
		{088DDF3A-D602-4CCA-BDAF-BE512980B710}.Release|x86.Build.0 = Release|Any CPU
		{F981E962-34B0-465A-AFAA-FA993043BAD8}.Debug|Any CPU.ActiveCfg = Debug|Any CPU
		{F981E962-34B0-465A-AFAA-FA993043BAD8}.Debug|Any CPU.Build.0 = Debug|Any CPU
		{F981E962-34B0-465A-AFAA-FA993043BAD8}.Debug|x86.ActiveCfg = Debug|Any CPU
		{F981E962-34B0-465A-AFAA-FA993043BAD8}.Debug|x86.Build.0 = Debug|Any CPU
		{F981E962-34B0-465A-AFAA-FA993043BAD8}.Release|Any CPU.ActiveCfg = Release|Any CPU
		{F981E962-34B0-465A-AFAA-FA993043BAD8}.Release|Any CPU.Build.0 = Release|Any CPU
		{F981E962-34B0-465A-AFAA-FA993043BAD8}.Release|x86.ActiveCfg = Release|Any CPU
		{F981E962-34B0-465A-AFAA-FA993043BAD8}.Release|x86.Build.0 = Release|Any CPU
	EndGlobalSection
	GlobalSection(SolutionProperties) = preSolution
		HideSolutionNode = FALSE
	EndGlobalSection
EndGlobal
